
Microsoft Visual Studio Solution File, Format Version 12.00
# Visual Studio Version 16
VisualStudioVersion = 16.0.30611.23
MinimumVisualStudioVersion = 10.0.40219.1
Project("{9A19103F-16F7-4668-BE54-9A1E7A4F7556}") = "Day1", "Day1\Day1.csproj", "{4D5F2129-4B1E-4F66-A529-2B2CDE08FFE0}"
EndProject
Project("{9A19103F-16F7-4668-BE54-9A1E7A4F7556}") = "Day2", "Day2\Day2.csproj", "{DBF2146D-05F8-441D-9F62-8D2EB1B9C27C}"
EndProject
Project("{9A19103F-16F7-4668-BE54-9A1E7A4F7556}") = "Day3", "Day3\Day3.csproj", "{A256E9D6-1129-4C7A-B3AB-A3752E7C4807}"
EndProject
Project("{9A19103F-16F7-4668-BE54-9A1E7A4F7556}") = "Day4", "Day4\Day4.csproj", "{78597E64-96E5-468E-954D-A991B8C538BE}"
EndProject
Project("{9A19103F-16F7-4668-BE54-9A1E7A4F7556}") = "Day5", "Day5\Day5.csproj", "{741E357D-17D9-41A0-965A-2259725A01C1}"
EndProject
Project("{9A19103F-16F7-4668-BE54-9A1E7A4F7556}") = "Day6", "Day6\Day6.csproj", "{1E724C23-B5DC-468C-AA33-944D5471438C}"
EndProject
Project("{9A19103F-16F7-4668-BE54-9A1E7A4F7556}") = "TicTacToe", "TicTacToe\TicTacToe.csproj", "{1DD89DA2-0ED3-460C-8D54-61C18FAAEE73}"
EndProject
Project("{9A19103F-16F7-4668-BE54-9A1E7A4F7556}") = "Day7", "Day7\Day7.csproj", "{D099DE15-876C-48A1-BAA6-DA7A5A6288F1}"
EndProject
Project("{9A19103F-16F7-4668-BE54-9A1E7A4F7556}") = "Day8", "Day8\Day8.csproj", "{65A1548F-7E37-4580-8501-B5F74C7DDD7D}"
EndProject
Project("{9A19103F-16F7-4668-BE54-9A1E7A4F7556}") = "Day9", "Day9\Day9.csproj", "{3B48F785-4B86-4196-8BE5-4A7EC2BFBF14}"
EndProject
Project("{FAE04EC0-301F-11D3-BF4B-00C04F79EFBC}") = "Day10", "Day10\Day10.csproj", "{AC7EA96E-C06D-4906-ACC6-BC26960A1060}"
EndProject
Global
	GlobalSection(SolutionConfigurationPlatforms) = preSolution
		Debug|Any CPU = Debug|Any CPU
		Release|Any CPU = Release|Any CPU
	EndGlobalSection
	GlobalSection(ProjectConfigurationPlatforms) = postSolution
		{4D5F2129-4B1E-4F66-A529-2B2CDE08FFE0}.Debug|Any CPU.ActiveCfg = Debug|Any CPU
		{4D5F2129-4B1E-4F66-A529-2B2CDE08FFE0}.Debug|Any CPU.Build.0 = Debug|Any CPU
		{4D5F2129-4B1E-4F66-A529-2B2CDE08FFE0}.Release|Any CPU.ActiveCfg = Release|Any CPU
		{4D5F2129-4B1E-4F66-A529-2B2CDE08FFE0}.Release|Any CPU.Build.0 = Release|Any CPU
		{DBF2146D-05F8-441D-9F62-8D2EB1B9C27C}.Debug|Any CPU.ActiveCfg = Debug|Any CPU
		{DBF2146D-05F8-441D-9F62-8D2EB1B9C27C}.Debug|Any CPU.Build.0 = Debug|Any CPU
		{DBF2146D-05F8-441D-9F62-8D2EB1B9C27C}.Release|Any CPU.ActiveCfg = Release|Any CPU
		{DBF2146D-05F8-441D-9F62-8D2EB1B9C27C}.Release|Any CPU.Build.0 = Release|Any CPU
		{A256E9D6-1129-4C7A-B3AB-A3752E7C4807}.Debug|Any CPU.ActiveCfg = Debug|Any CPU
		{A256E9D6-1129-4C7A-B3AB-A3752E7C4807}.Debug|Any CPU.Build.0 = Debug|Any CPU
		{A256E9D6-1129-4C7A-B3AB-A3752E7C4807}.Release|Any CPU.ActiveCfg = Release|Any CPU
		{A256E9D6-1129-4C7A-B3AB-A3752E7C4807}.Release|Any CPU.Build.0 = Release|Any CPU
		{78597E64-96E5-468E-954D-A991B8C538BE}.Debug|Any CPU.ActiveCfg = Debug|Any CPU
		{78597E64-96E5-468E-954D-A991B8C538BE}.Debug|Any CPU.Build.0 = Debug|Any CPU
		{78597E64-96E5-468E-954D-A991B8C538BE}.Release|Any CPU.ActiveCfg = Release|Any CPU
		{78597E64-96E5-468E-954D-A991B8C538BE}.Release|Any CPU.Build.0 = Release|Any CPU
		{741E357D-17D9-41A0-965A-2259725A01C1}.Debug|Any CPU.ActiveCfg = Debug|Any CPU
		{741E357D-17D9-41A0-965A-2259725A01C1}.Debug|Any CPU.Build.0 = Debug|Any CPU
		{741E357D-17D9-41A0-965A-2259725A01C1}.Release|Any CPU.ActiveCfg = Release|Any CPU
		{741E357D-17D9-41A0-965A-2259725A01C1}.Release|Any CPU.Build.0 = Release|Any CPU
		{1E724C23-B5DC-468C-AA33-944D5471438C}.Debug|Any CPU.ActiveCfg = Debug|Any CPU
		{1E724C23-B5DC-468C-AA33-944D5471438C}.Debug|Any CPU.Build.0 = Debug|Any CPU
		{1E724C23-B5DC-468C-AA33-944D5471438C}.Release|Any CPU.ActiveCfg = Release|Any CPU
		{1E724C23-B5DC-468C-AA33-944D5471438C}.Release|Any CPU.Build.0 = Release|Any CPU
		{1DD89DA2-0ED3-460C-8D54-61C18FAAEE73}.Debug|Any CPU.ActiveCfg = Debug|Any CPU
		{1DD89DA2-0ED3-460C-8D54-61C18FAAEE73}.Debug|Any CPU.Build.0 = Debug|Any CPU
		{1DD89DA2-0ED3-460C-8D54-61C18FAAEE73}.Release|Any CPU.ActiveCfg = Release|Any CPU
		{1DD89DA2-0ED3-460C-8D54-61C18FAAEE73}.Release|Any CPU.Build.0 = Release|Any CPU
		{D099DE15-876C-48A1-BAA6-DA7A5A6288F1}.Debug|Any CPU.ActiveCfg = Debug|Any CPU
		{D099DE15-876C-48A1-BAA6-DA7A5A6288F1}.Debug|Any CPU.Build.0 = Debug|Any CPU
		{D099DE15-876C-48A1-BAA6-DA7A5A6288F1}.Release|Any CPU.ActiveCfg = Release|Any CPU
		{D099DE15-876C-48A1-BAA6-DA7A5A6288F1}.Release|Any CPU.Build.0 = Release|Any CPU
		{65A1548F-7E37-4580-8501-B5F74C7DDD7D}.Debug|Any CPU.ActiveCfg = Debug|Any CPU
		{65A1548F-7E37-4580-8501-B5F74C7DDD7D}.Debug|Any CPU.Build.0 = Debug|Any CPU
		{65A1548F-7E37-4580-8501-B5F74C7DDD7D}.Release|Any CPU.ActiveCfg = Release|Any CPU
		{65A1548F-7E37-4580-8501-B5F74C7DDD7D}.Release|Any CPU.Build.0 = Release|Any CPU
		{3B48F785-4B86-4196-8BE5-4A7EC2BFBF14}.Debug|Any CPU.ActiveCfg = Debug|Any CPU
		{3B48F785-4B86-4196-8BE5-4A7EC2BFBF14}.Debug|Any CPU.Build.0 = Debug|Any CPU
		{3B48F785-4B86-4196-8BE5-4A7EC2BFBF14}.Release|Any CPU.ActiveCfg = Release|Any CPU
		{3B48F785-4B86-4196-8BE5-4A7EC2BFBF14}.Release|Any CPU.Build.0 = Release|Any CPU
		{AC7EA96E-C06D-4906-ACC6-BC26960A1060}.Debug|Any CPU.ActiveCfg = Debug|Any CPU
		{AC7EA96E-C06D-4906-ACC6-BC26960A1060}.Debug|Any CPU.Build.0 = Debug|Any CPU
		{AC7EA96E-C06D-4906-ACC6-BC26960A1060}.Release|Any CPU.ActiveCfg = Release|Any CPU
		{AC7EA96E-C06D-4906-ACC6-BC26960A1060}.Release|Any CPU.Build.0 = Release|Any CPU
	EndGlobalSection
	GlobalSection(SolutionProperties) = preSolution
		HideSolutionNode = FALSE
	EndGlobalSection
	GlobalSection(ExtensibilityGlobals) = postSolution
		SolutionGuid = {E4976BDF-B271-4029-BEF9-FC9302A4BF20}
	EndGlobalSection
EndGlobal
